// !$*UTF8*$!
{
	archiveVersion = 1;
	classes = {
	};
	objectVersion = 77;
	objects = {

/* Begin PBXBuildFile section */
		AB4017E92F0101A700A47DBF /* RevenueCat in Frameworks */ = {isa = PBXBuildFile; productRef = AB4017E82F0101A700A47DBF /* RevenueCat */; };
		AB595E712EFE4DE8006832DF /* QuoteWidgetExtension.appex in Embed Foundation Extensions */ = {isa = PBXBuildFile; fileRef = ABB3AF892EFD3D1200D89F9F /* QuoteWidgetExtension.appex */; };
		ABB3AE162EF251D000D89F9F /* Localizable.strings in Resources */ = {isa = PBXBuildFile; fileRef = ABB3AE142EF251D000D89F9F /* Localizable.strings */; };
		ABB3AE172EF251D000D89F9F /* Localizable.strings in Resources */ = {isa = PBXBuildFile; fileRef = ABB3AE0E2EF251D000D89F9F /* Localizable.strings */; };
		ABB3AE182EF251D000D89F9F /* Localizable.strings in Resources */ = {isa = PBXBuildFile; fileRef = ABB3AE112EF251D000D89F9F /* Localizable.strings */; };
		ABB3AE202EF2891300D89F9F /* Localizable.strings in Resources */ = {isa = PBXBuildFile; fileRef = ABB3AE1E2EF2891300D89F9F /* Localizable.strings */; };
		ABB3AE282EF3C28E00D89F9F /* Localizable.strings in Resources */ = {isa = PBXBuildFile; fileRef = ABB3AE262EF3C28E00D89F9F /* Localizable.strings */; };
		ABB3AE2D2EF3C28E00D89B1 /* Localizable.strings in Resources */ = {isa = PBXBuildFile; fileRef = ABB3AE2B2EF3C28E00D89B1 /* Localizable.strings */; };
		ABB3AE312EF3C28E00D89B1 /* Localizable.strings in Resources */ = {isa = PBXBuildFile; fileRef = ABB3AE2F2EF3C28E00D89B1 /* Localizable.strings */; };
		ABB3AF8C2EFD3D1200D89F9F /* WidgetKit.framework in Frameworks */ = {isa = PBXBuildFile; fileRef = ABB3AF8B2EFD3D1200D89F9F /* WidgetKit.framework */; };
		ABB3AF8E2EFD3D1200D89F9F /* SwiftUI.framework in Frameworks */ = {isa = PBXBuildFile; fileRef = ABB3AF8D2EFD3D1200D89F9F /* SwiftUI.framework */; };
		ABB3AFAA2EFD3F1C00D89F9F /* QuoteWidget.swift in Sources */ = {isa = PBXBuildFile; fileRef = ABB3AFA52EFD3F1C00D89F9F /* QuoteWidget.swift */; };
		ABB3AFAB2EFD3F1C00D89F9F /* WidgetBundle.swift in Sources */ = {isa = PBXBuildFile; fileRef = ABB3AFA62EFD3F1C00D89F9F /* WidgetBundle.swift */; };
		ABEB15422EDA023C00D0F7E3 /* Auth in Frameworks */ = {isa = PBXBuildFile; productRef = ABEB15412EDA023C00D0F7E3 /* Auth */; };
		ABEB15442EDA023C00D0F7E3 /* Functions in Frameworks */ = {isa = PBXBuildFile; productRef = ABEB15432EDA023C00D0F7E3 /* Functions */; };
		ABEB15462EDA023C00D0F7E3 /* PostgREST in Frameworks */ = {isa = PBXBuildFile; productRef = ABEB15452EDA023C00D0F7E3 /* PostgREST */; };
		ABEB15482EDA023C00D0F7E3 /* Realtime in Frameworks */ = {isa = PBXBuildFile; productRef = ABEB15472EDA023C00D0F7E3 /* Realtime */; };
		ABEB154A2EDA023C00D0F7E3 /* Storage in Frameworks */ = {isa = PBXBuildFile; productRef = ABEB15492EDA023C00D0F7E3 /* Storage */; };
		ABEB154C2EDA023C00D0F7E3 /* Supabase in Frameworks */ = {isa = PBXBuildFile; productRef = ABEB154B2EDA023C00D0F7E3 /* Supabase */; };
		ABEB154F2EDA026B00D0F7E3 /* GoogleSignIn in Frameworks */ = {isa = PBXBuildFile; productRef = ABEB154E2EDA026B00D0F7E3 /* GoogleSignIn */; };
		ABEB15512EDA026B00D0F7E3 /* GoogleSignInSwift in Frameworks */ = {isa = PBXBuildFile; productRef = ABEB15502EDA026B00D0F7E3 /* GoogleSignInSwift */; };
		CAFEBEEF0000000000000001 /* Assets.xcassets in Resources */ = {isa = PBXBuildFile; fileRef = CAFEBEEF0000000000000002 /* Assets.xcassets */; };
		DEADBEEF0000000000000002 /* brand_icon.png in Resources */ = {isa = PBXBuildFile; fileRef = DEADBEEF0000000000000001 /* brand_icon.png */; };
/* End PBXBuildFile section */

/* Begin PBXContainerItemProxy section */
		AB8E8C162ED7509B00C3DF49 /* PBXContainerItemProxy */ = {
			isa = PBXContainerItemProxy;
			containerPortal = AB8E8C002ED7509800C3DF49 /* Project object */;
			proxyType = 1;
			remoteGlobalIDString = AB8E8C072ED7509900C3DF49;
			remoteInfo = "Quote AI";
		};
		AB8E8C202ED7509B00C3DF49 /* PBXContainerItemProxy */ = {
			isa = PBXContainerItemProxy;
			containerPortal = AB8E8C002ED7509800C3DF49 /* Project object */;
			proxyType = 1;
			remoteGlobalIDString = AB8E8C072ED7509900C3DF49;
			remoteInfo = "Quote AI";
		};
		ABB3AF9B2EFD3D1400D89F9F /* PBXContainerItemProxy */ = {
			isa = PBXContainerItemProxy;
			containerPortal = AB8E8C002ED7509800C3DF49 /* Project object */;
			proxyType = 1;
			remoteGlobalIDString = ABB3AF882EFD3D1200D89F9F;
			remoteInfo = QuoteWidgetExtension;
		};
/* End PBXContainerItemProxy section */

/* Begin PBXCopyFilesBuildPhase section */
		ABB3AFA22EFD3D1400D89F9F /* Embed Foundation Extensions */ = {
			isa = PBXCopyFilesBuildPhase;
			buildActionMask = 2147483647;
			dstPath = "";
			dstSubfolderSpec = 13;
			files = (
				AB595E712EFE4DE8006832DF /* QuoteWidgetExtension.appex in Embed Foundation Extensions */,
			);
			name = "Embed Foundation Extensions";
			runOnlyForDeploymentPostprocessing = 0;
		};
/* End PBXCopyFilesBuildPhase section */

/* Begin PBXFileReference section */
		AB59616F2EFE6D51006832DF /* Assets.xcassets */ = {isa = PBXFileReference; lastKnownFileType = folder.assetcatalog; path = Assets.xcassets; sourceTree = "<group>"; };
		AB8E8C082ED7509900C3DF49 /* Quote AI.app */ = {isa = PBXFileReference; explicitFileType = wrapper.application; includeInIndex = 0; path = "Quote AI.app"; sourceTree = BUILT_PRODUCTS_DIR; };
		AB8E8C152ED7509B00C3DF49 /* Quote AITests.xctest */ = {isa = PBXFileReference; explicitFileType = wrapper.cfbundle; includeInIndex = 0; path = "Quote AITests.xctest"; sourceTree = BUILT_PRODUCTS_DIR; };
		AB8E8C1F2ED7509B00C3DF49 /* Quote AIUITests.xctest */ = {isa = PBXFileReference; explicitFileType = wrapper.cfbundle; includeInIndex = 0; path = "Quote AIUITests.xctest"; sourceTree = BUILT_PRODUCTS_DIR; };
		ABB3AE0D2EF251D000D89F9F /* en */ = {isa = PBXFileReference; lastKnownFileType = text.plist.strings; name = en; path = Localizable.strings; sourceTree = "<group>"; };
		ABB3AE102EF251D000D89F9F /* es */ = {isa = PBXFileReference; lastKnownFileType = text.plist.strings; name = es; path = Localizable.strings; sourceTree = "<group>"; };
		ABB3AE132EF251D000D89F9F /* fr */ = {isa = PBXFileReference; lastKnownFileType = text.plist.strings; name = fr; path = Localizable.strings; sourceTree = "<group>"; };
		ABB3AE1D2EF2891300D89F9F /* zh */ = {isa = PBXFileReference; lastKnownFileType = text.plist.strings; name = zh; path = Localizable.strings; sourceTree = "<group>"; };
		ABB3AE252EF3C28E00D89F9F /* hi */ = {isa = PBXFileReference; lastKnownFileType = text.plist.strings; name = hi; path = Localizable.strings; sourceTree = "<group>"; };
		ABB3AE2A2EF3C28E00D89B1 /* ja */ = {isa = PBXFileReference; lastKnownFileType = text.plist.strings; name = ja; path = Localizable.strings; sourceTree = "<group>"; };
		ABB3AE2E2EF3C28E00D89B1 /* ko */ = {isa = PBXFileReference; lastKnownFileType = text.plist.strings; name = ko; path = Localizable.strings; sourceTree = "<group>"; };
		ABB3AF892EFD3D1200D89F9F /* QuoteWidgetExtension.appex */ = {isa = PBXFileReference; explicitFileType = "wrapper.app-extension"; includeInIndex = 0; path = QuoteWidgetExtension.appex; sourceTree = BUILT_PRODUCTS_DIR; };
		ABB3AF8B2EFD3D1200D89F9F /* WidgetKit.framework */ = {isa = PBXFileReference; lastKnownFileType = wrapper.framework; name = WidgetKit.framework; path = System/Library/Frameworks/WidgetKit.framework; sourceTree = SDKROOT; };
		ABB3AF8D2EFD3D1200D89F9F /* SwiftUI.framework */ = {isa = PBXFileReference; lastKnownFileType = wrapper.framework; name = SwiftUI.framework; path = System/Library/Frameworks/SwiftUI.framework; sourceTree = SDKROOT; };
		ABB3AFA52EFD3F1C00D89F9F /* QuoteWidget.swift */ = {isa = PBXFileReference; lastKnownFileType = sourcecode.swift; path = QuoteWidget.swift; sourceTree = "<group>"; };
		ABB3AFA62EFD3F1C00D89F9F /* WidgetBundle.swift */ = {isa = PBXFileReference; lastKnownFileType = sourcecode.swift; path = WidgetBundle.swift; sourceTree = "<group>"; };
		ABB3AFB22EFD411800D89F9F /* Info.plist */ = {isa = PBXFileReference; lastKnownFileType = text.plist.xml; path = Info.plist; sourceTree = "<group>"; };
		ABB3AFB42EFD427A00D89F9F /* QuoteWidgetExtension.entitlements */ = {isa = PBXFileReference; lastKnownFileType = text.plist.entitlements; path = QuoteWidgetExtension.entitlements; sourceTree = "<group>"; };
		CAFEBEEF0000000000000002 /* Assets.xcassets */ = {isa = PBXFileReference; lastKnownFileType = folder.assetcatalog; path = Assets.xcassets; sourceTree = "<group>"; };
		DEADBEEF0000000000000001 /* brand_icon.png */ = {isa = PBXFileReference; lastKnownFileType = image.png; path = brand_icon.png; sourceTree = "<group>"; };
/* End PBXFileReference section */

/* Begin PBXFileSystemSynchronizedBuildFileExceptionSet section */
		ABB3AFAD2EFD3FCF00D89F9F /* Exceptions for "Quote AI" folder in "QuoteWidgetExtension" target */ = {
			isa = PBXFileSystemSynchronizedBuildFileExceptionSet;
				membershipExceptions = (
					Assets.xcassets,
					CommonTypes.swift,
					Config.swift,
					KimiService.swift,
					Models.swift,
					SupabaseConfig.swift,
					SharedConstants.swift,
				);
			target = ABB3AF882EFD3D1200D89F9F /* QuoteWidgetExtension */;
		};
/* End PBXFileSystemSynchronizedBuildFileExceptionSet section */

/* Begin PBXFileSystemSynchronizedRootGroup section */
		AB8E8C0A2ED7509900C3DF49 /* Quote AI */ = {
			isa = PBXFileSystemSynchronizedRootGroup;
			exceptions = (
				ABB3AFAD2EFD3FCF00D89F9F /* Exceptions for "Quote AI" folder in "QuoteWidgetExtension" target */,
			);
			path = "Quote AI";
			sourceTree = "<group>";
		};
		AB8E8C182ED7509B00C3DF49 /* Quote AITests */ = {
			isa = PBXFileSystemSynchronizedRootGroup;
			path = "Quote AITests";
			sourceTree = "<group>";
		};
		AB8E8C222ED7509B00C3DF49 /* Quote AIUITests */ = {
			isa = PBXFileSystemSynchronizedRootGroup;
			path = "Quote AIUITests";
			sourceTree = "<group>";
		};
/* End PBXFileSystemSynchronizedRootGroup section */

/* Begin PBXFrameworksBuildPhase section */
		AB8E8C052ED7509900C3DF49 /* Frameworks */ = {
			isa = PBXFrameworksBuildPhase;
			buildActionMask = 2147483647;
			files = (
				ABEB15462EDA023C00D0F7E3 /* PostgREST in Frameworks */,
				ABEB15442EDA023C00D0F7E3 /* Functions in Frameworks */,
				ABEB154C2EDA023C00D0F7E3 /* Supabase in Frameworks */,
				ABEB15512EDA026B00D0F7E3 /* GoogleSignInSwift in Frameworks */,
				ABEB15422EDA023C00D0F7E3 /* Auth in Frameworks */,
				AB4017E92F0101A700A47DBF /* RevenueCat in Frameworks */,
				ABEB154A2EDA023C00D0F7E3 /* Storage in Frameworks */,
				ABEB15482EDA023C00D0F7E3 /* Realtime in Frameworks */,
				ABEB154F2EDA026B00D0F7E3 /* GoogleSignIn in Frameworks */,
			);
			runOnlyForDeploymentPostprocessing = 0;
		};
		AB8E8C122ED7509B00C3DF49 /* Frameworks */ = {
			isa = PBXFrameworksBuildPhase;
			buildActionMask = 2147483647;
			files = (
			);
			runOnlyForDeploymentPostprocessing = 0;
		};
		AB8E8C1C2ED7509B00C3DF49 /* Frameworks */ = {
			isa = PBXFrameworksBuildPhase;
			buildActionMask = 2147483647;
			files = (
			);
			runOnlyForDeploymentPostprocessing = 0;
		};
		ABB3AF862EFD3D1200D89F9F /* Frameworks */ = {
			isa = PBXFrameworksBuildPhase;
			buildActionMask = 2147483647;
			files = (
				ABB3AF8E2EFD3D1200D89F9F /* SwiftUI.framework in Frameworks */,
				ABB3AF8C2EFD3D1200D89F9F /* WidgetKit.framework in Frameworks */,
			);
			runOnlyForDeploymentPostprocessing = 0;
		};
/* End PBXFrameworksBuildPhase section */

/* Begin PBXGroup section */
		AB8E8BFF2ED7509800C3DF49 = {
			isa = PBXGroup;
			children = (
				AB59616F2EFE6D51006832DF /* Assets.xcassets */,
				ABB3AFB42EFD427A00D89F9F /* QuoteWidgetExtension.entitlements */,
				ABB3AFA72EFD3F1C00D89F9F /* QuoteWidget */,
				ABB3AE302EF3C28E00D89B1 /* ko.lproj */,
				ABB3AE2C2EF3C28E00D89B1 /* ja.lproj */,
				ABB3AE272EF3C28E00D89F9F /* hi.lproj */,
				ABB3AE1F2EF2891300D89F9F /* zh.lproj */,
				ABB3AE0F2EF251D000D89F9F /* en.lproj */,
				ABB3AE122EF251D000D89F9F /* es.lproj */,
				ABB3AE152EF251D000D89F9F /* fr.lproj */,
				AB8E8C0A2ED7509900C3DF49 /* Quote AI */,
				AB8E8C182ED7509B00C3DF49 /* Quote AITests */,
				AB8E8C222ED7509B00C3DF49 /* Quote AIUITests */,
				ABB3AF8A2EFD3D1200D89F9F /* Frameworks */,
				AB8E8C092ED7509900C3DF49 /* Products */,
			);
			sourceTree = "<group>";
		};
		AB8E8C092ED7509900C3DF49 /* Products */ = {
			isa = PBXGroup;
			children = (
				AB8E8C082ED7509900C3DF49 /* Quote AI.app */,
				AB8E8C152ED7509B00C3DF49 /* Quote AITests.xctest */,
				AB8E8C1F2ED7509B00C3DF49 /* Quote AIUITests.xctest */,
				ABB3AF892EFD3D1200D89F9F /* QuoteWidgetExtension.appex */,
			);
			name = Products;
			sourceTree = "<group>";
		};
		ABB3AE0F2EF251D000D89F9F /* en.lproj */ = {
			isa = PBXGroup;
			children = (
				ABB3AE0E2EF251D000D89F9F /* Localizable.strings */,
			);
			path = en.lproj;
			sourceTree = "<group>";
		};
		ABB3AE122EF251D000D89F9F /* es.lproj */ = {
			isa = PBXGroup;
			children = (
				ABB3AE112EF251D000D89F9F /* Localizable.strings */,
			);
			path = es.lproj;
			sourceTree = "<group>";
		};
		ABB3AE152EF251D000D89F9F /* fr.lproj */ = {
			isa = PBXGroup;
			children = (
				ABB3AE142EF251D000D89F9F /* Localizable.strings */,
			);
			path = fr.lproj;
			sourceTree = "<group>";
		};
		ABB3AE1F2EF2891300D89F9F /* zh.lproj */ = {
			isa = PBXGroup;
			children = (
				ABB3AE1E2EF2891300D89F9F /* Localizable.strings */,
			);
			path = zh.lproj;
			sourceTree = "<group>";
		};
		ABB3AE272EF3C28E00D89F9F /* hi.lproj */ = {
			isa = PBXGroup;
			children = (
				ABB3AE262EF3C28E00D89F9F /* Localizable.strings */,
			);
			path = hi.lproj;
			sourceTree = "<group>";
		};
		ABB3AE2C2EF3C28E00D89B1 /* ja.lproj */ = {
			isa = PBXGroup;
			children = (
				ABB3AE2B2EF3C28E00D89B1 /* Localizable.strings */,
			);
			path = ja.lproj;
			sourceTree = "<group>";
		};
		ABB3AE302EF3C28E00D89B1 /* ko.lproj */ = {
			isa = PBXGroup;
			children = (
				ABB3AE2F2EF3C28E00D89B1 /* Localizable.strings */,
			);
			path = ko.lproj;
			sourceTree = "<group>";
		};
		ABB3AF8A2EFD3D1200D89F9F /* Frameworks */ = {
			isa = PBXGroup;
			children = (
				ABB3AF8B2EFD3D1200D89F9F /* WidgetKit.framework */,
				ABB3AF8D2EFD3D1200D89F9F /* SwiftUI.framework */,
			);
			name = Frameworks;
			sourceTree = "<group>";
		};
		ABB3AFA72EFD3F1C00D89F9F /* QuoteWidget */ = {
			isa = PBXGroup;
			children = (
				CAFEBEEF0000000000000002 /* Assets.xcassets */,
				ABB3AFB22EFD411800D89F9F /* Info.plist */,
				ABB3AFA52EFD3F1C00D89F9F /* QuoteWidget.swift */,
				ABB3AFA62EFD3F1C00D89F9F /* WidgetBundle.swift */,
				DEADBEEF0000000000000001 /* brand_icon.png */,
			);
			path = QuoteWidget;
			sourceTree = "<group>";
		};
/* End PBXGroup section */

/* Begin PBXNativeTarget section */
		AB8E8C072ED7509900C3DF49 /* Quote AI */ = {
			isa = PBXNativeTarget;
			buildConfigurationList = AB8E8C292ED7509B00C3DF49 /* Build configuration list for PBXNativeTarget "Quote AI" */;
			buildPhases = (
				AB8E8C042ED7509900C3DF49 /* Sources */,
				AB8E8C052ED7509900C3DF49 /* Frameworks */,
				AB8E8C062ED7509900C3DF49 /* Resources */,
				ABB3AFA22EFD3D1400D89F9F /* Embed Foundation Extensions */,
			);
			buildRules = (
			);
			dependencies = (
				ABB3AF9C2EFD3D1400D89F9F /* PBXTargetDependency */,
			);
			fileSystemSynchronizedGroups = (
				AB8E8C0A2ED7509900C3DF49 /* Quote AI */,
			);
			name = "Quote AI";
			packageProductDependencies = (
				ABEB15412EDA023C00D0F7E3 /* Auth */,
				ABEB15432EDA023C00D0F7E3 /* Functions */,
				ABEB15452EDA023C00D0F7E3 /* PostgREST */,
				ABEB15472EDA023C00D0F7E3 /* Realtime */,
				ABEB15492EDA023C00D0F7E3 /* Storage */,
				ABEB154B2EDA023C00D0F7E3 /* Supabase */,
				ABEB154E2EDA026B00D0F7E3 /* GoogleSignIn */,
				ABEB15502EDA026B00D0F7E3 /* GoogleSignInSwift */,
				AB4017E82F0101A700A47DBF /* RevenueCat */,
			);
			productName = "Quote AI";
			productReference = AB8E8C082ED7509900C3DF49 /* Quote AI.app */;
			productType = "com.apple.product-type.application";
		};
		AB8E8C142ED7509B00C3DF49 /* Quote AITests */ = {
			isa = PBXNativeTarget;
			buildConfigurationList = AB8E8C2C2ED7509B00C3DF49 /* Build configuration list for PBXNativeTarget "Quote AITests" */;
			buildPhases = (
				AB8E8C112ED7509B00C3DF49 /* Sources */,
				AB8E8C122ED7509B00C3DF49 /* Frameworks */,
				AB8E8C132ED7509B00C3DF49 /* Resources */,
			);
			buildRules = (
			);
			dependencies = (
				ABB3AF9C2EFD3D1400D89F9F /* PBXTargetDependency */,
				AB8E8C172ED7509B00C3DF49 /* PBXTargetDependency */,
			);
			fileSystemSynchronizedGroups = (
				AB8E8C182ED7509B00C3DF49 /* Quote AITests */,
			);
			name = "Quote AITests";
			packageProductDependencies = (
			);
			productName = "Quote AITests";
			productReference = AB8E8C152ED7509B00C3DF49 /* Quote AITests.xctest */;
			productType = "com.apple.product-type.bundle.unit-test";
		};
		AB8E8C1E2ED7509B00C3DF49 /* Quote AIUITests */ = {
			isa = PBXNativeTarget;
			buildConfigurationList = AB8E8C2F2ED7509B00C3DF49 /* Build configuration list for PBXNativeTarget "Quote AIUITests" */;
			buildPhases = (
				AB8E8C1B2ED7509B00C3DF49 /* Sources */,
				AB8E8C1C2ED7509B00C3DF49 /* Frameworks */,
				AB8E8C1D2ED7509B00C3DF49 /* Resources */,
			);
			buildRules = (
			);
			dependencies = (
				ABB3AF9C2EFD3D1400D89F9F /* PBXTargetDependency */,
				AB8E8C212ED7509B00C3DF49 /* PBXTargetDependency */,
			);
			fileSystemSynchronizedGroups = (
				AB8E8C222ED7509B00C3DF49 /* Quote AIUITests */,
			);
			name = "Quote AIUITests";
			packageProductDependencies = (
			);
			productName = "Quote AIUITests";
			productReference = AB8E8C1F2ED7509B00C3DF49 /* Quote AIUITests.xctest */;
			productType = "com.apple.product-type.bundle.ui-testing";
		};
		ABB3AF882EFD3D1200D89F9F /* QuoteWidgetExtension */ = {
			isa = PBXNativeTarget;
			buildConfigurationList = ABB3AF9F2EFD3D1400D89F9F /* Build configuration list for PBXNativeTarget "QuoteWidgetExtension" */;
			buildPhases = (
				ABB3AF852EFD3D1200D89F9F /* Sources */,
				ABB3AF862EFD3D1200D89F9F /* Frameworks */,
				ABB3AF872EFD3D1200D89F9F /* Resources */,
			);
			buildRules = (
			);
			dependencies = (
				ABB3AF9C2EFD3D1400D89F9F /* PBXTargetDependency */,
			);
			name = QuoteWidgetExtension;
			packageProductDependencies = (
			);
			productName = QuoteWidgetExtension;
			productReference = ABB3AF892EFD3D1200D89F9F /* QuoteWidgetExtension.appex */;
			productType = "com.apple.product-type.app-extension";
		};
/* End PBXNativeTarget section */

/* Begin PBXProject section */
		AB8E8C002ED7509800C3DF49 /* Project object */ = {
			isa = PBXProject;
			attributes = {
				BuildIndependentTargetsInParallel = 1;
				LastSwiftUpdateCheck = 2600;
				LastUpgradeCheck = 2600;
				TargetAttributes = {
					AB8E8C072ED7509900C3DF49 = {
						CreatedOnToolsVersion = 26.0.1;
					};
					AB8E8C142ED7509B00C3DF49 = {
						CreatedOnToolsVersion = 26.0.1;
						TestTargetID = AB8E8C072ED7509900C3DF49;
					};
					AB8E8C1E2ED7509B00C3DF49 = {
						CreatedOnToolsVersion = 26.0.1;
						TestTargetID = AB8E8C072ED7509900C3DF49;
					};
					ABB3AF882EFD3D1200D89F9F = {
						CreatedOnToolsVersion = 26.0.1;
					};
				};
			};
			buildConfigurationList = AB8E8C032ED7509800C3DF49 /* Build configuration list for PBXProject "Quote AI" */;
			developmentRegion = en;
			hasScannedForEncodings = 0;
			knownRegions = (
				en,
				Base,
				es,
				fr,
				zh,
				hi,
				ja,
				ko,
			);
			mainGroup = AB8E8BFF2ED7509800C3DF49;
			minimizedProjectReferenceProxies = 1;
			packageReferences = (
				ABEB15402EDA023C00D0F7E3 /* XCRemoteSwiftPackageReference "supabase-swift" */,
				ABEB154D2EDA026B00D0F7E3 /* XCRemoteSwiftPackageReference "GoogleSignIn-iOS" */,
				AB4017E72F0101A700A47DBF /* XCRemoteSwiftPackageReference "purchases-ios" */,
			);
			preferredProjectObjectVersion = 77;
			productRefGroup = AB8E8C092ED7509900C3DF49 /* Products */;
			projectDirPath = "";
			projectRoot = "";
			targets = (
				AB8E8C072ED7509900C3DF49 /* Quote AI */,
				AB8E8C142ED7509B00C3DF49 /* Quote AITests */,
				AB8E8C1E2ED7509B00C3DF49 /* Quote AIUITests */,
				ABB3AF882EFD3D1200D89F9F /* QuoteWidgetExtension */,
			);
		};
/* End PBXProject section */

/* Begin PBXResourcesBuildPhase section */
		AB8E8C062ED7509900C3DF49 /* Resources */ = {
			isa = PBXResourcesBuildPhase;
			buildActionMask = 2147483647;
			files = (
				ABB3AE162EF251D000D89F9F /* Localizable.strings in Resources */,
				ABB3AE172EF251D000D89F9F /* Localizable.strings in Resources */,
				ABB3AE282EF3C28E00D89F9F /* Localizable.strings in Resources */,
				ABB3AE182EF251D000D89F9F /* Localizable.strings in Resources */,
				ABB3AE202EF2891300D89F9F /* Localizable.strings in Resources */,
				ABB3AE2D2EF3C28E00D89B1 /* Localizable.strings in Resources */,
				ABB3AE312EF3C28E00D89B1 /* Localizable.strings in Resources */,
			);
			runOnlyForDeploymentPostprocessing = 0;
		};
		AB8E8C132ED7509B00C3DF49 /* Resources */ = {
			isa = PBXResourcesBuildPhase;
			buildActionMask = 2147483647;
			files = (
			);
			runOnlyForDeploymentPostprocessing = 0;
		};
		AB8E8C1D2ED7509B00C3DF49 /* Resources */ = {
			isa = PBXResourcesBuildPhase;
			buildActionMask = 2147483647;
			files = (
			);
			runOnlyForDeploymentPostprocessing = 0;
		};
		ABB3AF872EFD3D1200D89F9F /* Resources */ = {
			isa = PBXResourcesBuildPhase;
			buildActionMask = 2147483647;
			files = (
				CAFEBEEF0000000000000001 /* Assets.xcassets in Resources */,
				DEADBEEF0000000000000002 /* brand_icon.png in Resources */,
			);
			runOnlyForDeploymentPostprocessing = 0;
		};
/* End PBXResourcesBuildPhase section */

/* Begin PBXSourcesBuildPhase section */
		AB8E8C042ED7509900C3DF49 /* Sources */ = {
			isa = PBXSourcesBuildPhase;
			buildActionMask = 2147483647;
			files = (
			);
			runOnlyForDeploymentPostprocessing = 0;
		};
		AB8E8C112ED7509B00C3DF49 /* Sources */ = {
			isa = PBXSourcesBuildPhase;
			buildActionMask = 2147483647;
			files = (
			);
			runOnlyForDeploymentPostprocessing = 0;
		};
		AB8E8C1B2ED7509B00C3DF49 /* Sources */ = {
			isa = PBXSourcesBuildPhase;
			buildActionMask = 2147483647;
			files = (
			);
			runOnlyForDeploymentPostprocessing = 0;
		};
		ABB3AF852EFD3D1200D89F9F /* Sources */ = {
			isa = PBXSourcesBuildPhase;
			buildActionMask = 2147483647;
			files = (
				ABB3AFAA2EFD3F1C00D89F9F /* QuoteWidget.swift in Sources */,
				ABB3AFAB2EFD3F1C00D89F9F /* WidgetBundle.swift in Sources */,
			);
			runOnlyForDeploymentPostprocessing = 0;
		};
/* End PBXSourcesBuildPhase section */

/* Begin PBXTargetDependency section */
		AB8E8C172ED7509B00C3DF49 /* PBXTargetDependency */ = {
			isa = PBXTargetDependency;
			target = AB8E8C072ED7509900C3DF49 /* Quote AI */;
			targetProxy = AB8E8C162ED7509B00C3DF49 /* PBXContainerItemProxy */;
		};
		AB8E8C212ED7509B00C3DF49 /* PBXTargetDependency */ = {
			isa = PBXTargetDependency;
			target = AB8E8C072ED7509900C3DF49 /* Quote AI */;
			targetProxy = AB8E8C202ED7509B00C3DF49 /* PBXContainerItemProxy */;
		};
		ABB3AF9C2EFD3D1400D89F9F /* PBXTargetDependency */ = {
			isa = PBXTargetDependency;
			target = ABB3AF882EFD3D1200D89F9F /* QuoteWidgetExtension */;
			targetProxy = ABB3AF9B2EFD3D1400D89F9F /* PBXContainerItemProxy */;
		};
/* End PBXTargetDependency section */

/* Begin PBXVariantGroup section */
		ABB3AE0E2EF251D000D89F9F /* Localizable.strings */ = {
			isa = PBXVariantGroup;
			children = (
				ABB3AE0D2EF251D000D89F9F /* en */,
			);
			name = Localizable.strings;
			sourceTree = "<group>";
		};
		ABB3AE112EF251D000D89F9F /* Localizable.strings */ = {
			isa = PBXVariantGroup;
			children = (
				ABB3AE102EF251D000D89F9F /* es */,
			);
			name = Localizable.strings;
			sourceTree = "<group>";
		};
		ABB3AE142EF251D000D89F9F /* Localizable.strings */ = {
			isa = PBXVariantGroup;
			children = (
				ABB3AE132EF251D000D89F9F /* fr */,
			);
			name = Localizable.strings;
			sourceTree = "<group>";
		};
		ABB3AE1E2EF2891300D89F9F /* Localizable.strings */ = {
			isa = PBXVariantGroup;
			children = (
				ABB3AE1D2EF2891300D89F9F /* zh */,
			);
			name = Localizable.strings;
			sourceTree = "<group>";
		};
		ABB3AE262EF3C28E00D89F9F /* Localizable.strings */ = {
			isa = PBXVariantGroup;
			children = (
				ABB3AE252EF3C28E00D89F9F /* hi */,
			);
			name = Localizable.strings;
			sourceTree = "<group>";
		};
		ABB3AE2B2EF3C28E00D89B1 /* Localizable.strings */ = {
			isa = PBXVariantGroup;
			children = (
				ABB3AE2A2EF3C28E00D89B1 /* ja */,
			);
			name = Localizable.strings;
			sourceTree = "<group>";
		};
		ABB3AE2F2EF3C28E00D89B1 /* Localizable.strings */ = {
			isa = PBXVariantGroup;
			children = (
				ABB3AE2E2EF3C28E00D89B1 /* ko */,
			);
			name = Localizable.strings;
			sourceTree = "<group>";
		};
/* End PBXVariantGroup section */

/* Begin XCBuildConfiguration section */
		AB8E8C272ED7509B00C3DF49 /* Debug */ = {
			isa = XCBuildConfiguration;
			buildSettings = {
				ALWAYS_SEARCH_USER_PATHS = NO;
				ASSETCATALOG_COMPILER_GENERATE_SWIFT_ASSET_SYMBOL_EXTENSIONS = YES;
				CLANG_ANALYZER_LOCALIZABILITY_NONLOCALIZED = YES;
				CLANG_ANALYZER_NONNULL = YES;
				CLANG_ANALYZER_NUMBER_OBJECT_CONVERSION = YES_AGGRESSIVE;
				CLANG_CXX_LANGUAGE_STANDARD = "gnu++20";
				CLANG_ENABLE_MODULES = YES;
				CLANG_ENABLE_OBJC_ARC = YES;
				CLANG_ENABLE_OBJC_WEAK = YES;
				CLANG_WARN_BLOCK_CAPTURE_AUTORELEASING = YES;
				CLANG_WARN_BOOL_CONVERSION = YES;
				CLANG_WARN_COMMA = YES;
				CLANG_WARN_CONSTANT_CONVERSION = YES;
				CLANG_WARN_DEPRECATED_OBJC_IMPLEMENTATIONS = YES;
				CLANG_WARN_DIRECT_OBJC_ISA_USAGE = YES_ERROR;
				CLANG_WARN_DOCUMENTATION_COMMENTS = YES;
				CLANG_WARN_EMPTY_BODY = YES;
				CLANG_WARN_ENUM_CONVERSION = YES;
				CLANG_WARN_INFINITE_RECURSION = YES;
				CLANG_WARN_INT_CONVERSION = YES;
				CLANG_WARN_NON_LITERAL_NULL_CONVERSION = YES;
				CLANG_WARN_OBJC_IMPLICIT_RETAIN_SELF = YES;
				CLANG_WARN_OBJC_LITERAL_CONVERSION = YES;
				CLANG_WARN_OBJC_ROOT_CLASS = YES_ERROR;
				CLANG_WARN_QUOTED_INCLUDE_IN_FRAMEWORK_HEADER = YES;
				CLANG_WARN_RANGE_LOOP_ANALYSIS = YES;
				CLANG_WARN_STRICT_PROTOTYPES = YES;
				CLANG_WARN_SUSPICIOUS_MOVE = YES;
				CLANG_WARN_UNGUARDED_AVAILABILITY = YES_AGGRESSIVE;
				CLANG_WARN_UNREACHABLE_CODE = YES;
				CLANG_WARN__DUPLICATE_METHOD_MATCH = YES;
				COPY_PHASE_STRIP = NO;
				DEBUG_INFORMATION_FORMAT = dwarf;
				DEVELOPMENT_TEAM = V7439G9SY8;
				ENABLE_APP_INTENTS_SSU_TRAINING = NO;
				ENABLE_STRICT_OBJC_MSGSEND = YES;
				ENABLE_TESTABILITY = YES;
				ENABLE_USER_SCRIPT_SANDBOXING = YES;
				GCC_C_LANGUAGE_STANDARD = gnu17;
				GCC_DYNAMIC_NO_PIC = NO;
				GCC_NO_COMMON_BLOCKS = YES;
				GCC_OPTIMIZATION_LEVEL = 0;
				GCC_PREPROCESSOR_DEFINITIONS = (
					"DEBUG=1",
					"$(inherited)",
				);
				GCC_WARN_64_TO_32_BIT_CONVERSION = YES;
				GCC_WARN_ABOUT_RETURN_TYPE = YES_ERROR;
				GCC_WARN_UNDECLARED_SELECTOR = YES;
				GCC_WARN_UNINITIALIZED_AUTOS = YES_AGGRESSIVE;
				GCC_WARN_UNUSED_FUNCTION = YES;
				GCC_WARN_UNUSED_VARIABLE = YES;
				IPHONEOS_DEPLOYMENT_TARGET = 17.0;
				LOCALIZATION_PREFERS_STRING_CATALOGS = YES;
				MTL_ENABLE_DEBUG_INFO = INCLUDE_SOURCE;
				MTL_FAST_MATH = YES;
				ONLY_ACTIVE_ARCH = YES;
				SDKROOT = iphoneos;
				STRING_CATALOG_GENERATE_SYMBOLS = YES;
				SWIFT_ACTIVE_COMPILATION_CONDITIONS = "DEBUG $(inherited)";
				SWIFT_EXTRACT_APPLICATION_INTENTS_METADATA = NO;
				SWIFT_OPTIMIZATION_LEVEL = "-Onone";
			};
			name = Debug;
		};
		AB8E8C282ED7509B00C3DF49 /* Release */ = {
			isa = XCBuildConfiguration;
			buildSettings = {
				ALWAYS_SEARCH_USER_PATHS = NO;
				ASSETCATALOG_COMPILER_GENERATE_SWIFT_ASSET_SYMBOL_EXTENSIONS = YES;
				CLANG_ANALYZER_LOCALIZABILITY_NONLOCALIZED = YES;
				CLANG_ANALYZER_NONNULL = YES;
				CLANG_ANALYZER_NUMBER_OBJECT_CONVERSION = YES_AGGRESSIVE;
				CLANG_CXX_LANGUAGE_STANDARD = "gnu++20";
				CLANG_ENABLE_MODULES = YES;
				CLANG_ENABLE_OBJC_ARC = YES;
				CLANG_ENABLE_OBJC_WEAK = YES;
				CLANG_WARN_BLOCK_CAPTURE_AUTORELEASING = YES;
				CLANG_WARN_BOOL_CONVERSION = YES;
				CLANG_WARN_COMMA = YES;
				CLANG_WARN_CONSTANT_CONVERSION = YES;
				CLANG_WARN_DEPRECATED_OBJC_IMPLEMENTATIONS = YES;
				CLANG_WARN_DIRECT_OBJC_ISA_USAGE = YES_ERROR;
				CLANG_WARN_DOCUMENTATION_COMMENTS = YES;
				CLANG_WARN_EMPTY_BODY = YES;
				CLANG_WARN_ENUM_CONVERSION = YES;
				CLANG_WARN_INFINITE_RECURSION = YES;
				CLANG_WARN_INT_CONVERSION = YES;
				CLANG_WARN_NON_LITERAL_NULL_CONVERSION = YES;
				CLANG_WARN_OBJC_IMPLICIT_RETAIN_SELF = YES;
				CLANG_WARN_OBJC_LITERAL_CONVERSION = YES;
				CLANG_WARN_OBJC_ROOT_CLASS = YES_ERROR;
				CLANG_WARN_QUOTED_INCLUDE_IN_FRAMEWORK_HEADER = YES;
				CLANG_WARN_RANGE_LOOP_ANALYSIS = YES;
				CLANG_WARN_STRICT_PROTOTYPES = YES;
				CLANG_WARN_SUSPICIOUS_MOVE = YES;
				CLANG_WARN_UNGUARDED_AVAILABILITY = YES_AGGRESSIVE;
				CLANG_WARN_UNREACHABLE_CODE = YES;
				CLANG_WARN__DUPLICATE_METHOD_MATCH = YES;
				CODE_SIGN_IDENTITY = "Apple Distribution";
				COPY_PHASE_STRIP = NO;
				DEBUG_INFORMATION_FORMAT = "dwarf-with-dsym";
				DEVELOPMENT_TEAM = V7439G9SY8;
				ENABLE_APP_INTENTS_SSU_TRAINING = NO;
				ENABLE_NS_ASSERTIONS = NO;
				ENABLE_STRICT_OBJC_MSGSEND = YES;
				ENABLE_USER_SCRIPT_SANDBOXING = YES;
				GCC_C_LANGUAGE_STANDARD = gnu17;
				GCC_NO_COMMON_BLOCKS = YES;
				GCC_WARN_64_TO_32_BIT_CONVERSION = YES;
				GCC_WARN_ABOUT_RETURN_TYPE = YES_ERROR;
				GCC_WARN_UNDECLARED_SELECTOR = YES;
				GCC_WARN_UNINITIALIZED_AUTOS = YES_AGGRESSIVE;
				GCC_WARN_UNUSED_FUNCTION = YES;
				GCC_WARN_UNUSED_VARIABLE = YES;
				IPHONEOS_DEPLOYMENT_TARGET = 17.0;
				LOCALIZATION_PREFERS_STRING_CATALOGS = YES;
				MTL_ENABLE_DEBUG_INFO = NO;
				MTL_FAST_MATH = YES;
				SDKROOT = iphoneos;
				STRING_CATALOG_GENERATE_SYMBOLS = YES;
				SWIFT_COMPILATION_MODE = wholemodule;
				SWIFT_EXTRACT_APPLICATION_INTENTS_METADATA = NO;
				VALIDATE_PRODUCT = YES;
			};
			name = Release;
		};
		AB8E8C2A2ED7509B00C3DF49 /* Debug */ = {
			isa = XCBuildConfiguration;
			buildSettings = {
				ASSETCATALOG_COMPILER_APPICON_NAME = AppIcon;
				ASSETCATALOG_COMPILER_GLOBAL_ACCENT_COLOR_NAME = AccentColor;
				CODE_SIGN_ENTITLEMENTS = "Quote AI/Quote AI.entitlements";
				CODE_SIGN_IDENTITY = "Apple Development";
				CODE_SIGN_STYLE = Automatic;
				CURRENT_PROJECT_VERSION = 1;
				DEVELOPMENT_TEAM = V7439G9SY8;
				ENABLE_APP_INTENTS_SSU_TRAINING = NO;
				ENABLE_APP_SANDBOX = YES;
				ENABLE_HARDENED_RUNTIME = YES;
				ENABLE_OUTGOING_NETWORK_CONNECTIONS = YES;
				ENABLE_PREVIEWS = YES;
				GENERATE_INFOPLIST_FILE = YES;
				INFOPLIST_FILE = "Quote-AI-Info.plist";
				INFOPLIST_KEY_CFBundleDisplayName = "Quote AI";
				INFOPLIST_KEY_LSApplicationCategoryType = "public.app-category.productivity";
				INFOPLIST_KEY_NSPhotoLibraryUsageDescription = "Quote AI needs access to your photo library to let you choose a custom profile picture.";
				INFOPLIST_KEY_UIApplicationSceneManifest_Generation = YES;
				INFOPLIST_KEY_UIApplicationSupportsIndirectInputEvents = YES;
				INFOPLIST_KEY_UILaunchScreen_Generation = YES;
				INFOPLIST_KEY_UISupportedInterfaceOrientations_iPad = "UIInterfaceOrientationPortrait UIInterfaceOrientationPortraitUpsideDown UIInterfaceOrientationLandscapeLeft UIInterfaceOrientationLandscapeRight";
				INFOPLIST_KEY_UISupportedInterfaceOrientations_iPhone = "UIInterfaceOrientationPortrait UIInterfaceOrientationLandscapeLeft UIInterfaceOrientationLandscapeRight";
				IPHONEOS_DEPLOYMENT_TARGET = 17.0;
				LD_RUNPATH_SEARCH_PATHS = (
					"$(inherited)",
					"@executable_path/Frameworks",
				);
				MACOSX_DEPLOYMENT_TARGET = "11.5 ";
				MARKETING_VERSION = 1.0;
				PRODUCT_BUNDLE_IDENTIFIER = "com.Quote-AI.dev";
				PRODUCT_NAME = "$(TARGET_NAME)";
				REGISTER_APP_GROUPS = YES;
				STRING_CATALOG_GENERATE_SYMBOLS = YES;
				SUPPORTED_PLATFORMS = "iphoneos iphonesimulator macosx";
				SUPPORTS_MACCATALYST = NO;
				SUPPORTS_MAC_DESIGNED_FOR_IPHONE_IPAD = NO;
				SUPPORTS_XR_DESIGNED_FOR_IPHONE_IPAD = NO;
				SWIFT_APPROACHABLE_CONCURRENCY = YES;
				SWIFT_DEFAULT_ACTOR_ISOLATION = MainActor;
				SWIFT_EMIT_LOC_STRINGS = YES;
				SWIFT_EXTRACT_APPLICATION_INTENTS_METADATA = NO;
				SWIFT_UPCOMING_FEATURE_MEMBER_IMPORT_VISIBILITY = YES;
				SWIFT_VERSION = 5.0;
				TARGETED_DEVICE_FAMILY = "1,2";
			};
			name = Debug;
		};
		AB8E8C2B2ED7509B00C3DF49 /* Release */ = {
			isa = XCBuildConfiguration;
			buildSettings = {
				ASSETCATALOG_COMPILER_APPICON_NAME = AppIcon;
				ASSETCATALOG_COMPILER_GLOBAL_ACCENT_COLOR_NAME = AccentColor;
				CODE_SIGN_ENTITLEMENTS = "Quote AI/Quote AI.entitlements";
				CODE_SIGN_IDENTITY = "Apple Development";
				CODE_SIGN_STYLE = Automatic;
				CURRENT_PROJECT_VERSION = 1;
				DEVELOPMENT_TEAM = V7439G9SY8;
				ENABLE_APP_INTENTS_SSU_TRAINING = NO;
				ENABLE_APP_SANDBOX = YES;
				ENABLE_HARDENED_RUNTIME = YES;
				ENABLE_OUTGOING_NETWORK_CONNECTIONS = YES;
				ENABLE_PREVIEWS = YES;
				GENERATE_INFOPLIST_FILE = YES;
				INFOPLIST_FILE = "Quote-AI-Info.plist";
				INFOPLIST_KEY_CFBundleDisplayName = "Quote AI";
				INFOPLIST_KEY_LSApplicationCategoryType = "public.app-category.productivity";
				INFOPLIST_KEY_NSPhotoLibraryUsageDescription = "Quote AI needs access to your photo library to let you choose a custom profile picture.";
				INFOPLIST_KEY_UIApplicationSceneManifest_Generation = YES;
				INFOPLIST_KEY_UIApplicationSupportsIndirectInputEvents = YES;
				INFOPLIST_KEY_UILaunchScreen_Generation = YES;
				INFOPLIST_KEY_UISupportedInterfaceOrientations_iPad = "UIInterfaceOrientationPortrait UIInterfaceOrientationPortraitUpsideDown UIInterfaceOrientationLandscapeLeft UIInterfaceOrientationLandscapeRight";
				INFOPLIST_KEY_UISupportedInterfaceOrientations_iPhone = "UIInterfaceOrientationPortrait UIInterfaceOrientationLandscapeLeft UIInterfaceOrientationLandscapeRight";
				IPHONEOS_DEPLOYMENT_TARGET = 17.0;
				LD_RUNPATH_SEARCH_PATHS = (
					"$(inherited)",
					"@executable_path/Frameworks",
				);
				MACOSX_DEPLOYMENT_TARGET = "11.5 ";
				MARKETING_VERSION = 1.0;
				PRODUCT_BUNDLE_IDENTIFIER = "com.Quote-AI.dev";
				PRODUCT_NAME = "$(TARGET_NAME)";
				REGISTER_APP_GROUPS = YES;
				STRING_CATALOG_GENERATE_SYMBOLS = YES;
				SUPPORTED_PLATFORMS = "iphoneos iphonesimulator macosx";
				SUPPORTS_MACCATALYST = NO;
				SUPPORTS_MAC_DESIGNED_FOR_IPHONE_IPAD = NO;
				SUPPORTS_XR_DESIGNED_FOR_IPHONE_IPAD = NO;
				SWIFT_APPROACHABLE_CONCURRENCY = YES;
				SWIFT_DEFAULT_ACTOR_ISOLATION = MainActor;
				SWIFT_EMIT_LOC_STRINGS = YES;
				SWIFT_EXTRACT_APPLICATION_INTENTS_METADATA = NO;
				SWIFT_UPCOMING_FEATURE_MEMBER_IMPORT_VISIBILITY = YES;
				SWIFT_VERSION = 5.0;
				TARGETED_DEVICE_FAMILY = "1,2";
			};
			name = Release;
		};
		AB8E8C2D2ED7509B00C3DF49 /* Debug */ = {
			isa = XCBuildConfiguration;
			buildSettings = {
				BUNDLE_LOADER = "$(TEST_HOST)";
				CODE_SIGN_STYLE = Automatic;
				CURRENT_PROJECT_VERSION = 1;
				DEVELOPMENT_TEAM = V7439G9SY8;
				ENABLE_APP_INTENTS_SSU_TRAINING = NO;
				GENERATE_INFOPLIST_FILE = YES;
				IPHONEOS_DEPLOYMENT_TARGET = 17.0;
				MARKETING_VERSION = 1.0;
				PRODUCT_BUNDLE_IDENTIFIER = "com.Quote-AI.dev.Quote-AITests";
				PRODUCT_NAME = "$(TARGET_NAME)";
				STRING_CATALOG_GENERATE_SYMBOLS = NO;
				SWIFT_APPROACHABLE_CONCURRENCY = YES;
				SWIFT_EMIT_LOC_STRINGS = NO;
				SWIFT_EXTRACT_APPLICATION_INTENTS_METADATA = NO;
				SWIFT_UPCOMING_FEATURE_MEMBER_IMPORT_VISIBILITY = YES;
				SWIFT_VERSION = 5.0;
				TARGETED_DEVICE_FAMILY = "1,2";
				TEST_HOST = "$(BUILT_PRODUCTS_DIR)/Quote AI.app/$(BUNDLE_EXECUTABLE_FOLDER_PATH)/Quote AI";
			};
			name = Debug;
		};
		AB8E8C2E2ED7509B00C3DF49 /* Release */ = {
			isa = XCBuildConfiguration;
			buildSettings = {
				BUNDLE_LOADER = "$(TEST_HOST)";
				CODE_SIGN_STYLE = Automatic;
				CURRENT_PROJECT_VERSION = 1;
				DEVELOPMENT_TEAM = V7439G9SY8;
				ENABLE_APP_INTENTS_SSU_TRAINING = NO;
				GENERATE_INFOPLIST_FILE = YES;
				IPHONEOS_DEPLOYMENT_TARGET = 17.0;
				MARKETING_VERSION = 1.0;
				PRODUCT_BUNDLE_IDENTIFIER = "com.Quote-AI.dev.Quote-AITests";
				PRODUCT_NAME = "$(TARGET_NAME)";
				STRING_CATALOG_GENERATE_SYMBOLS = NO;
				SWIFT_APPROACHABLE_CONCURRENCY = YES;
				SWIFT_EMIT_LOC_STRINGS = NO;
				SWIFT_EXTRACT_APPLICATION_INTENTS_METADATA = NO;
				SWIFT_UPCOMING_FEATURE_MEMBER_IMPORT_VISIBILITY = YES;
				SWIFT_VERSION = 5.0;
				TARGETED_DEVICE_FAMILY = "1,2";
				TEST_HOST = "$(BUILT_PRODUCTS_DIR)/Quote AI.app/$(BUNDLE_EXECUTABLE_FOLDER_PATH)/Quote AI";
			};
			name = Release;
		};
		AB8E8C302ED7509B00C3DF49 /* Debug */ = {
			isa = XCBuildConfiguration;
			buildSettings = {
				CODE_SIGN_STYLE = Automatic;
				CURRENT_PROJECT_VERSION = 1;
				DEVELOPMENT_TEAM = V7439G9SY8;
				ENABLE_APP_INTENTS_SSU_TRAINING = NO;
				GENERATE_INFOPLIST_FILE = YES;
				MARKETING_VERSION = 1.0;
				PRODUCT_BUNDLE_IDENTIFIER = "com.Quote-AI.dev.Quote-AIUITests";
				PRODUCT_NAME = "$(TARGET_NAME)";
				STRING_CATALOG_GENERATE_SYMBOLS = NO;
				SWIFT_APPROACHABLE_CONCURRENCY = YES;
				SWIFT_EMIT_LOC_STRINGS = NO;
				SWIFT_EXTRACT_APPLICATION_INTENTS_METADATA = NO;
				SWIFT_UPCOMING_FEATURE_MEMBER_IMPORT_VISIBILITY = YES;
				SWIFT_VERSION = 5.0;
				TARGETED_DEVICE_FAMILY = "1,2";
				TEST_TARGET_NAME = "Quote AI";
			};
			name = Debug;
		};
		AB8E8C312ED7509B00C3DF49 /* Release */ = {
			isa = XCBuildConfiguration;
			buildSettings = {
				CODE_SIGN_STYLE = Automatic;
				CURRENT_PROJECT_VERSION = 1;
				DEVELOPMENT_TEAM = V7439G9SY8;
				ENABLE_APP_INTENTS_SSU_TRAINING = NO;
				GENERATE_INFOPLIST_FILE = YES;
				MARKETING_VERSION = 1.0;
				PRODUCT_BUNDLE_IDENTIFIER = "com.Quote-AI.dev.Quote-AIUITests";
				PRODUCT_NAME = "$(TARGET_NAME)";
				STRING_CATALOG_GENERATE_SYMBOLS = NO;
				SWIFT_APPROACHABLE_CONCURRENCY = YES;
				SWIFT_EMIT_LOC_STRINGS = NO;
				SWIFT_EXTRACT_APPLICATION_INTENTS_METADATA = NO;
				SWIFT_UPCOMING_FEATURE_MEMBER_IMPORT_VISIBILITY = YES;
				SWIFT_VERSION = 5.0;
				TARGETED_DEVICE_FAMILY = "1,2";
				TEST_TARGET_NAME = "Quote AI";
			};
			name = Release;
		};
		ABB3AFA02EFD3D1400D89F9F /* Debug */ = {
			isa = XCBuildConfiguration;
			buildSettings = {
				ASSETCATALOG_COMPILER_GLOBAL_ACCENT_COLOR_NAME = AccentColor;
				ASSETCATALOG_COMPILER_WIDGET_BACKGROUND_COLOR_NAME = WidgetBackground;
				CODE_SIGN_ENTITLEMENTS = QuoteWidgetExtension.entitlements;
				CODE_SIGN_IDENTITY = "Apple Development";
				CODE_SIGN_STYLE = Automatic;
				CURRENT_PROJECT_VERSION = 1;
				DEVELOPMENT_TEAM = V7439G9SY8;
				ENABLE_APP_INTENTS_SSU_TRAINING = NO;
				GENERATE_INFOPLIST_FILE = NO;
				INFOPLIST_FILE = QuoteWidget/Info.plist;
				INFOPLIST_KEY_CFBundleDisplayName = QuoteWidget;
				INFOPLIST_KEY_NSHumanReadableCopyright = "";
				IPHONEOS_DEPLOYMENT_TARGET = 17.0;
				LD_RUNPATH_SEARCH_PATHS = (
					"$(inherited)",
					"@executable_path/Frameworks",
					"@executable_path/../../Frameworks",
				);
				MARKETING_VERSION = 1.0;
				OTHER_SWIFT_FLAGS = "";
				PRODUCT_BUNDLE_IDENTIFIER = "com.Quote-AI.dev.QuoteWidget";
				PRODUCT_NAME = "$(TARGET_NAME)";
				SKIP_INSTALL = YES;
				STRING_CATALOG_GENERATE_SYMBOLS = YES;
				SWIFT_ACTIVE_COMPILATION_CONDITIONS = "DEBUG $(inherited) WIDGET";
				SWIFT_APPROACHABLE_CONCURRENCY = YES;
				SWIFT_EMIT_LOC_STRINGS = YES;
				SWIFT_EXTRACT_APPLICATION_INTENTS_METADATA = NO;
				SWIFT_UPCOMING_FEATURE_MEMBER_IMPORT_VISIBILITY = YES;
				SWIFT_VERSION = 5.0;
				TARGETED_DEVICE_FAMILY = "1,2";
			};
			name = Debug;
		};
		ABB3AFA12EFD3D1400D89F9F /* Release */ = {
			isa = XCBuildConfiguration;
			buildSettings = {
				ASSETCATALOG_COMPILER_GLOBAL_ACCENT_COLOR_NAME = AccentColor;
				ASSETCATALOG_COMPILER_WIDGET_BACKGROUND_COLOR_NAME = WidgetBackground;
				CODE_SIGN_ENTITLEMENTS = QuoteWidgetExtension.entitlements;
				CODE_SIGN_IDENTITY = "Apple Development";
				CODE_SIGN_STYLE = Automatic;
				CURRENT_PROJECT_VERSION = 1;
				DEVELOPMENT_TEAM = V7439G9SY8;
				ENABLE_APP_INTENTS_SSU_TRAINING = NO;
				GENERATE_INFOPLIST_FILE = NO;
				INFOPLIST_FILE = QuoteWidget/Info.plist;
				INFOPLIST_KEY_CFBundleDisplayName = QuoteWidget;
				INFOPLIST_KEY_NSHumanReadableCopyright = "";
				IPHONEOS_DEPLOYMENT_TARGET = 17.0;
				LD_RUNPATH_SEARCH_PATHS = (
					"$(inherited)",
					"@executable_path/Frameworks",
					"@executable_path/../../Frameworks",
				);
				MARKETING_VERSION = 1.0;
				OTHER_SWIFT_FLAGS = "";
				PRODUCT_BUNDLE_IDENTIFIER = "com.Quote-AI.dev.QuoteWidget";
				PRODUCT_NAME = "$(TARGET_NAME)";
				SKIP_INSTALL = YES;
				STRING_CATALOG_GENERATE_SYMBOLS = YES;
				SWIFT_ACTIVE_COMPILATION_CONDITIONS = WIDGET;
				SWIFT_APPROACHABLE_CONCURRENCY = YES;
				SWIFT_EMIT_LOC_STRINGS = YES;
				SWIFT_EXTRACT_APPLICATION_INTENTS_METADATA = NO;
				SWIFT_UPCOMING_FEATURE_MEMBER_IMPORT_VISIBILITY = YES;
				SWIFT_VERSION = 5.0;
				TARGETED_DEVICE_FAMILY = "1,2";
			};
			name = Release;
		};
/* End XCBuildConfiguration section */

/* Begin XCConfigurationList section */
		AB8E8C032ED7509800C3DF49 /* Build configuration list for PBXProject "Quote AI" */ = {
			isa = XCConfigurationList;
			buildConfigurations = (
				AB8E8C272ED7509B00C3DF49 /* Debug */,
				AB8E8C282ED7509B00C3DF49 /* Release */,
			);
			defaultConfigurationIsVisible = 0;
			defaultConfigurationName = Release;
		};
		AB8E8C292ED7509B00C3DF49 /* Build configuration list for PBXNativeTarget "Quote AI" */ = {
			isa = XCConfigurationList;
			buildConfigurations = (
				AB8E8C2A2ED7509B00C3DF49 /* Debug */,
				AB8E8C2B2ED7509B00C3DF49 /* Release */,
			);
			defaultConfigurationIsVisible = 0;
			defaultConfigurationName = Release;
		};
		AB8E8C2C2ED7509B00C3DF49 /* Build configuration list for PBXNativeTarget "Quote AITests" */ = {
			isa = XCConfigurationList;
			buildConfigurations = (
				AB8E8C2D2ED7509B00C3DF49 /* Debug */,
				AB8E8C2E2ED7509B00C3DF49 /* Release */,
			);
			defaultConfigurationIsVisible = 0;
			defaultConfigurationName = Release;
		};
		AB8E8C2F2ED7509B00C3DF49 /* Build configuration list for PBXNativeTarget "Quote AIUITests" */ = {
			isa = XCConfigurationList;
			buildConfigurations = (
				AB8E8C302ED7509B00C3DF49 /* Debug */,
				AB8E8C312ED7509B00C3DF49 /* Release */,
			);
			defaultConfigurationIsVisible = 0;
			defaultConfigurationName = Release;
		};
		ABB3AF9F2EFD3D1400D89F9F /* Build configuration list for PBXNativeTarget "QuoteWidgetExtension" */ = {
			isa = XCConfigurationList;
			buildConfigurations = (
				ABB3AFA02EFD3D1400D89F9F /* Debug */,
				ABB3AFA12EFD3D1400D89F9F /* Release */,
			);
			defaultConfigurationIsVisible = 0;
			defaultConfigurationName = Release;
		};
/* End XCConfigurationList section */

/* Begin XCRemoteSwiftPackageReference section */
		AB4017E72F0101A700A47DBF /* XCRemoteSwiftPackageReference "purchases-ios" */ = {
			isa = XCRemoteSwiftPackageReference;
			repositoryURL = "https://github.com/RevenueCat/purchases-ios";
			requirement = {
				kind = upToNextMajorVersion;
				minimumVersion = 5.52.0;
			};
		};
		ABEB15402EDA023C00D0F7E3 /* XCRemoteSwiftPackageReference "supabase-swift" */ = {
			isa = XCRemoteSwiftPackageReference;
			repositoryURL = "https://github.com/supabase/supabase-swift";
			requirement = {
				kind = upToNextMajorVersion;
				minimumVersion = 2.5.1;
			};
		};
		ABEB154D2EDA026B00D0F7E3 /* XCRemoteSwiftPackageReference "GoogleSignIn-iOS" */ = {
			isa = XCRemoteSwiftPackageReference;
			repositoryURL = "https://github.com/google/GoogleSignIn-iOS";
			requirement = {
				kind = upToNextMajorVersion;
				minimumVersion = 9.0.0;
			};
		};
/* End XCRemoteSwiftPackageReference section */

/* Begin XCSwiftPackageProductDependency section */
		AB4017E82F0101A700A47DBF /* RevenueCat */ = {
			isa = XCSwiftPackageProductDependency;
			package = AB4017E72F0101A700A47DBF /* XCRemoteSwiftPackageReference "purchases-ios" */;
			productName = RevenueCat;
		};
		ABEB15412EDA023C00D0F7E3 /* Auth */ = {
			isa = XCSwiftPackageProductDependency;
			package = ABEB15402EDA023C00D0F7E3 /* XCRemoteSwiftPackageReference "supabase-swift" */;
			productName = Auth;
		};
		ABEB15432EDA023C00D0F7E3 /* Functions */ = {
			isa = XCSwiftPackageProductDependency;
			package = ABEB15402EDA023C00D0F7E3 /* XCRemoteSwiftPackageReference "supabase-swift" */;
			productName = Functions;
		};
		ABEB15452EDA023C00D0F7E3 /* PostgREST */ = {
			isa = XCSwiftPackageProductDependency;
			package = ABEB15402EDA023C00D0F7E3 /* XCRemoteSwiftPackageReference "supabase-swift" */;
			productName = PostgREST;
		};
		ABEB15472EDA023C00D0F7E3 /* Realtime */ = {
			isa = XCSwiftPackageProductDependency;
			package = ABEB15402EDA023C00D0F7E3 /* XCRemoteSwiftPackageReference "supabase-swift" */;
			productName = Realtime;
		};
		ABEB15492EDA023C00D0F7E3 /* Storage */ = {
			isa = XCSwiftPackageProductDependency;
			package = ABEB15402EDA023C00D0F7E3 /* XCRemoteSwiftPackageReference "supabase-swift" */;
			productName = Storage;
		};
		ABEB154B2EDA023C00D0F7E3 /* Supabase */ = {
			isa = XCSwiftPackageProductDependency;
			package = ABEB15402EDA023C00D0F7E3 /* XCRemoteSwiftPackageReference "supabase-swift" */;
			productName = Supabase;
		};
		ABEB154E2EDA026B00D0F7E3 /* GoogleSignIn */ = {
			isa = XCSwiftPackageProductDependency;
			package = ABEB154D2EDA026B00D0F7E3 /* XCRemoteSwiftPackageReference "GoogleSignIn-iOS" */;
			productName = GoogleSignIn;
		};
		ABEB15502EDA026B00D0F7E3 /* GoogleSignInSwift */ = {
			isa = XCSwiftPackageProductDependency;
			package = ABEB154D2EDA026B00D0F7E3 /* XCRemoteSwiftPackageReference "GoogleSignIn-iOS" */;
			productName = GoogleSignInSwift;
		};
/* End XCSwiftPackageProductDependency section */
	};
	rootObject = AB8E8C002ED7509800C3DF49 /* Project object */;
}
